# THIS IS AN AUTOGENERATED FILE. DO NOT EDIT THIS FILE DIRECTLY.
# yarn lockfile v1


"@uirouter/core@5.0.23":
  version "5.0.23"
  resolved "https://registry.yarnpkg.com/@uirouter/core/-/core-5.0.23.tgz#363b4bea635a1b48900dc7e65793a65a3b58a79e"
  integrity sha512-rwFOH++z/KY8y+h0IOpQ5uC8Nim6E0EBCQrIjhVCr+XKYXgpK+VdtuOLFdogvbJ3AAi5Z7ei00qdEr7Did5CAg==

angular-animate@^1.7.8:
  version "1.7.8"
  resolved "https://registry.yarnpkg.com/angular-animate/-/angular-animate-1.7.8.tgz#c95f237efe7ecfe0e6003adb5e2c7ef0e5a2b9d4"
  integrity sha512-bINtzizq7TbJzfVrDpwLfTxVl0Qd7fRNWFb5jKYI1vaFZobQNX/QONXlLow6ySsDbZ6eLECycB7mvWtfh1YYaw==

angular-aria@^1.7.8:
  version "1.7.8"
  resolved "https://registry.yarnpkg.com/angular-aria/-/angular-aria-1.7.8.tgz#3954250ef516b57cdd3cdf41ff4ee6fcfdc84ceb"
  integrity sha512-facq/111sZKL2wUUqRA1GnGt+lZ8KAcX9Aw04cNA+OyEkoaoRC77NY4VSOTQxghlSd0OPAdLeFnmETnuiWrpLg==

angular-material@^1.1.18:
  version "1.1.18"
  resolved "https://registry.yarnpkg.com/angular-material/-/angular-material-1.1.18.tgz#91976b9df06a66e6627c6bf4ce074c10daa3d998"
  integrity sha512-a+9Jzg4WF10G3vMbLCp5LSbmroeEbEYvzQoYVpWcXIgOUmnuOjxsNDPL73uNWOE97wOtEcFWxKF2wcP8zgixbA==

angular-ui-router@^1.0.22:
  version "1.0.22"
  resolved "https://registry.yarnpkg.com/angular-ui-router/-/angular-ui-router-1.0.22.tgz#54a88a06baba576e186fa1b4d5aac913eb4ccb08"
  integrity sha512-cuq0+Di6spKEIQ1aZCGORPU9uZzJRFzuiMQDB2vLUDlo1DS8tR8/KxlThqmz6iw+8KtmUArI+5IMINSp/jwUKg==
  dependencies:
    "@uirouter/core" "5.0.23"

angular@^1.7.8:
  version "1.7.8"
  resolved "https://registry.yarnpkg.com/angular/-/angular-1.7.8.tgz#b77ede272ce1b261e3be30c1451a0b346905a3c9"
  integrity sha512-wtef/y4COxM7ZVhddd7JtAAhyYObq9YXKar9tsW7558BImeVYteJiTxCKeJOL45lJ/+7B4wrAC49j8gTFYEthg==

mdi@^2.2.43:
  version "2.2.43"
  resolved "https://registry.yarnpkg.com/mdi/-/mdi-2.2.43.tgz#c5e419a6e5f48c82c7109328f52530fd187a0ec0"
  integrity sha512-g3m6z4303qieltUM20JL2gdsJZvoVzIzO74qa2XxZ2kg9JPwrPEAgooVhRDHZi1vvRh0gB8Dg+c9XqNdz4jcIg==
