# THIS IS AN AUTOGENERATED FILE. DO NOT EDIT THIS FILE DIRECTLY.
# yarn lockfile v1


angular-material@^1.1.18:
  version "1.1.18"
  resolved "https://registry.yarnpkg.com/angular-material/-/angular-material-1.1.18.tgz#91976b9df06a66e6627c6bf4ce074c10daa3d998"
  integrity sha512-a+9Jzg4WF10G3vMbLCp5LSbmroeEbEYvzQoYVpWcXIgOUmnuOjxsNDPL73uNWOE97wOtEcFWxKF2wcP8zgixbA==

angular@^1.7.8:
  version "1.7.8"
  resolved "https://registry.yarnpkg.com/angular/-/angular-1.7.8.tgz#b77ede272ce1b261e3be30c1451a0b346905a3c9"
  integrity sha512-wtef/y4COxM7ZVhddd7JtAAhyYObq9YXKar9tsW7558BImeVYteJiTxCKeJOL45lJ/+7B4wrAC49j8gTFYEthg==

mdi@^2.2.43:
  version "2.2.43"
  resolved "https://registry.yarnpkg.com/mdi/-/mdi-2.2.43.tgz#c5e419a6e5f48c82c7109328f52530fd187a0ec0"
  integrity sha512-g3m6z4303qieltUM20JL2gdsJZvoVzIzO74qa2XxZ2kg9JPwrPEAgooVhRDHZi1vvRh0gB8Dg+c9XqNdz4jcIg==
